{
    "hash": "c021e5e60dce6acc7a6a6cb5900d7d30",
    "packages": [
        {
            "package": "stubbles/core",
            "version": "v2.1.2"
        },
        {
            "package": "stubbles/input",
            "version": "v2.2.0"
        },
        {
            "package": "symfony/finder",
            "version": "v2.1.2"
        }
    ],
    "packages-dev": null,
    "aliases": [

    ],
    "minimum-stability": "stable",
    "stability-flags": [

    ]
}
