{
    "hash": "0b54fc75e4d9c998de386228781d605c",
    "packages": [
        {
            "package": "mikey179/vfsStream",
            "version": "1.0.0-beta2"
        },
        {
            "package": "stubbles/core",
            "version": "2.0.0-beta7"
        },
        {
            "package": "stubbles/input",
            "version": "dev-master",
            "source-reference": "3746bcea20d0d0ddc3985bea55d75bb7e52992ab"
        },
        {
            "package": "stubbles/scripts",
            "version": "1.0.0-beta7"
        }
    ],
    "aliases": []
}
