{
    "hash": "66f688d53932bd987d411df52e777e20",
    "packages": [
        {
            "package": "mikey179/vfsStream",
            "version": "1.0.0-beta2"
        },
        {
            "package": "stubbles/core",
            "version": "2.0.0-beta2"
        },
        {
            "package": "stubbles/scripts",
            "version": "1.0.0-beta3"
        }
    ]
}
